
Microsoft Visual Studio Solution File, Format Version 12.00
# Visual Studio 2012
Project("{E24C65DC-7377-472B-9ABA-BC803B73C61A}") = "nhom3", "http://localhost:60477", "{B7E0DB9A-CCD6-4042-8842-5CA016A8C520}"
	ProjectSection(WebsiteProperties) = preProject
		UseIISExpress = "true"
		TargetFrameworkMoniker = ".NETFramework,Version%3Dv4.5"
		Debug.AspNetCompiler.VirtualPath = "/localhost_60477"
		Debug.AspNetCompiler.PhysicalPath = "..\..\WebSites\nhom3\"
		Debug.AspNetCompiler.TargetPath = "PrecompiledWeb\localhost_60477\"
		Debug.AspNetCompiler.Updateable = "true"
		Debug.AspNetCompiler.ForceOverwrite = "true"
		Debug.AspNetCompiler.FixedNames = "false"
		Debug.AspNetCompiler.Debug = "True"
		Release.AspNetCompiler.VirtualPath = "/localhost_60477"
		Release.AspNetCompiler.PhysicalPath = "..\..\WebSites\nhom3\"
		Release.AspNetCompiler.TargetPath = "PrecompiledWeb\localhost_60477\"
		Release.AspNetCompiler.Updateable = "true"
		Release.AspNetCompiler.ForceOverwrite = "true"
		Release.AspNetCompiler.FixedNames = "false"
		Release.AspNetCompiler.Debug = "False"
		SlnRelativePath = "..\..\WebSites\nhom3\"
		DefaultWebSiteLanguage = "Visual C#"
	EndProjectSection
EndProject
Global
	GlobalSection(SolutionConfigurationPlatforms) = preSolution
		Debug|Any CPU = Debug|Any CPU
	EndGlobalSection
	GlobalSection(ProjectConfigurationPlatforms) = postSolution
		{B7E0DB9A-CCD6-4042-8842-5CA016A8C520}.Debug|Any CPU.ActiveCfg = Debug|Any CPU
		{B7E0DB9A-CCD6-4042-8842-5CA016A8C520}.Debug|Any CPU.Build.0 = Debug|Any CPU
	EndGlobalSection
	GlobalSection(SolutionProperties) = preSolution
		HideSolutionNode = FALSE
	EndGlobalSection
EndGlobal
